
Microsoft Visual Studio Solution File, Format Version 12.00
# Visual Studio Version 16
VisualStudioVersion = 16.0.29326.143
MinimumVisualStudioVersion = 10.0.40219.1
Project("{9A19103F-16F7-4668-BE54-9A1E7A4F7556}") = "Micro.Orchestrator", "Micro.Orchestrator\Micro.Orchestrator.csproj", "{F5A7AF62-0DCA-49BF-983A-7E7D399961B3}"
EndProject
Project("{E53339B2-1760-4266-BCC7-CA923CBCF16C}") = "docker-compose", "docker-compose.dcproj", "{0AD090D1-1554-4923-9F2A-94672D227864}"
EndProject
Project("{9A19103F-16F7-4668-BE54-9A1E7A4F7556}") = "Micro.Events", "Micro.Events\Micro.Events.csproj", "{4D1156B0-0C25-4B86-B566-EE4B7ABF1A0B}"
EndProject
Project("{9A19103F-16F7-4668-BE54-9A1E7A4F7556}") = "Micro.Auth", "Micro.Auth\Micro.Auth.csproj", "{2714E65A-1B6A-4AE9-88C0-E240E240D94C}"
EndProject
Global
	GlobalSection(SolutionConfigurationPlatforms) = preSolution
		Debug|Any CPU = Debug|Any CPU
		Release|Any CPU = Release|Any CPU
	EndGlobalSection
	GlobalSection(ProjectConfigurationPlatforms) = postSolution
		{F5A7AF62-0DCA-49BF-983A-7E7D399961B3}.Debug|Any CPU.ActiveCfg = Debug|Any CPU
		{F5A7AF62-0DCA-49BF-983A-7E7D399961B3}.Debug|Any CPU.Build.0 = Debug|Any CPU
		{F5A7AF62-0DCA-49BF-983A-7E7D399961B3}.Release|Any CPU.ActiveCfg = Release|Any CPU
		{F5A7AF62-0DCA-49BF-983A-7E7D399961B3}.Release|Any CPU.Build.0 = Release|Any CPU
		{0AD090D1-1554-4923-9F2A-94672D227864}.Debug|Any CPU.ActiveCfg = Debug|Any CPU
		{0AD090D1-1554-4923-9F2A-94672D227864}.Debug|Any CPU.Build.0 = Debug|Any CPU
		{0AD090D1-1554-4923-9F2A-94672D227864}.Release|Any CPU.ActiveCfg = Release|Any CPU
		{0AD090D1-1554-4923-9F2A-94672D227864}.Release|Any CPU.Build.0 = Release|Any CPU
		{4D1156B0-0C25-4B86-B566-EE4B7ABF1A0B}.Debug|Any CPU.ActiveCfg = Debug|Any CPU
		{4D1156B0-0C25-4B86-B566-EE4B7ABF1A0B}.Debug|Any CPU.Build.0 = Debug|Any CPU
		{4D1156B0-0C25-4B86-B566-EE4B7ABF1A0B}.Release|Any CPU.ActiveCfg = Release|Any CPU
		{4D1156B0-0C25-4B86-B566-EE4B7ABF1A0B}.Release|Any CPU.Build.0 = Release|Any CPU
		{2714E65A-1B6A-4AE9-88C0-E240E240D94C}.Debug|Any CPU.ActiveCfg = Debug|Any CPU
		{2714E65A-1B6A-4AE9-88C0-E240E240D94C}.Debug|Any CPU.Build.0 = Debug|Any CPU
		{2714E65A-1B6A-4AE9-88C0-E240E240D94C}.Release|Any CPU.ActiveCfg = Release|Any CPU
		{2714E65A-1B6A-4AE9-88C0-E240E240D94C}.Release|Any CPU.Build.0 = Release|Any CPU
	EndGlobalSection
	GlobalSection(SolutionProperties) = preSolution
		HideSolutionNode = FALSE
	EndGlobalSection
	GlobalSection(ExtensibilityGlobals) = postSolution
		SolutionGuid = {DB8A37B8-BB37-4754-8928-A476B8A974F8}
	EndGlobalSection
EndGlobal
